Microsoft Visual Studio Solution File, Format Version 7.00
Project("{F184B08F-C81C-45F6-A57F-5ABD9991F28F}") = "URL Collection", "URL Collection.vbproj", "{D2A49A6B-166D-43CB-8FF3-6C517B3010A7}"
EndProject
Global
	GlobalSection(SolutionConfiguration) = preSolution
		ConfigName.0 = Debug
		ConfigName.1 = Release
	EndGlobalSection
	GlobalSection(ProjectDependencies) = postSolution
	EndGlobalSection
	GlobalSection(ProjectConfiguration) = postSolution
		{D2A49A6B-166D-43CB-8FF3-6C517B3010A7}.Debug.ActiveCfg = Debug|.NET
		{D2A49A6B-166D-43CB-8FF3-6C517B3010A7}.Debug.Build.0 = Debug|.NET
		{D2A49A6B-166D-43CB-8FF3-6C517B3010A7}.Release.ActiveCfg = Release|.NET
		{D2A49A6B-166D-43CB-8FF3-6C517B3010A7}.Release.Build.0 = Release|.NET
	EndGlobalSection
	GlobalSection(ExtensibilityGlobals) = postSolution
	EndGlobalSection
	GlobalSection(ExtensibilityAddIns) = postSolution
	EndGlobalSection
EndGlobal
