Microsoft Visual Studio Solution File, Format Version 7.00
Project("{F184B08F-C81C-45F6-A57F-5ABD9991F28F}") = "MusicTrivia", "MusicTrivia.vbproj", "{6E19B735-F324-4E59-983E-DFEAA1B20C83}"
EndProject
Global
	GlobalSection(SolutionConfiguration) = preSolution
		ConfigName.0 = Debug
		ConfigName.1 = Release
	EndGlobalSection
	GlobalSection(ProjectDependencies) = postSolution
	EndGlobalSection
	GlobalSection(ProjectConfiguration) = postSolution
		{6E19B735-F324-4E59-983E-DFEAA1B20C83}.Debug.ActiveCfg = Debug|.NET
		{6E19B735-F324-4E59-983E-DFEAA1B20C83}.Debug.Build.0 = Debug|.NET
		{6E19B735-F324-4E59-983E-DFEAA1B20C83}.Release.ActiveCfg = Release|.NET
		{6E19B735-F324-4E59-983E-DFEAA1B20C83}.Release.Build.0 = Release|.NET
	EndGlobalSection
	GlobalSection(ExtensibilityGlobals) = postSolution
	EndGlobalSection
	GlobalSection(ExtensibilityAddIns) = postSolution
	EndGlobalSection
EndGlobal
