Microsoft Visual Studio Solution File, Format Version 7.00
Project("{F184B08F-C81C-45F6-A57F-5ABD9991F28F}") = "Module Test", "Module Test.vbproj", "{FB4EED35-EABC-413E-B9D4-8DCDE8A9FC48}"
EndProject
Global
	GlobalSection(SolutionConfiguration) = preSolution
		ConfigName.0 = Debug
		ConfigName.1 = Release
	EndGlobalSection
	GlobalSection(ProjectDependencies) = postSolution
	EndGlobalSection
	GlobalSection(ProjectConfiguration) = postSolution
		{FB4EED35-EABC-413E-B9D4-8DCDE8A9FC48}.Debug.ActiveCfg = Debug|.NET
		{FB4EED35-EABC-413E-B9D4-8DCDE8A9FC48}.Debug.Build.0 = Debug|.NET
		{FB4EED35-EABC-413E-B9D4-8DCDE8A9FC48}.Release.ActiveCfg = Release|.NET
		{FB4EED35-EABC-413E-B9D4-8DCDE8A9FC48}.Release.Build.0 = Release|.NET
	EndGlobalSection
	GlobalSection(ExtensibilityGlobals) = postSolution
	EndGlobalSection
	GlobalSection(ExtensibilityAddIns) = postSolution
	EndGlobalSection
EndGlobal
