Microsoft Visual Studio Solution File, Format Version 7.00
Project("{F184B08F-C81C-45F6-A57F-5ABD9991F28F}") = "Menu", "Menu.vbproj", "{6C95B7A6-97A2-46D0-A8D2-8322AE0F0D72}"
EndProject
Global
	GlobalSection(SolutionConfiguration) = preSolution
		ConfigName.0 = Debug
		ConfigName.1 = Release
	EndGlobalSection
	GlobalSection(ProjectDependencies) = postSolution
	EndGlobalSection
	GlobalSection(ProjectConfiguration) = postSolution
		{6C95B7A6-97A2-46D0-A8D2-8322AE0F0D72}.Debug.ActiveCfg = Debug|.NET
		{6C95B7A6-97A2-46D0-A8D2-8322AE0F0D72}.Debug.Build.0 = Debug|.NET
		{6C95B7A6-97A2-46D0-A8D2-8322AE0F0D72}.Release.ActiveCfg = Release|.NET
		{6C95B7A6-97A2-46D0-A8D2-8322AE0F0D72}.Release.Build.0 = Release|.NET
	EndGlobalSection
	GlobalSection(ExtensibilityGlobals) = postSolution
	EndGlobalSection
	GlobalSection(ExtensibilityAddIns) = postSolution
	EndGlobalSection
EndGlobal
