Microsoft Visual Studio Solution File, Format Version 7.00
Project("{F184B08F-C81C-45F6-A57F-5ABD9991F28F}") = "Birthday", "Birthday.vbproj", "{118D08BB-D30C-423C-B2D2-BC61F67FD446}"
EndProject
Global
	GlobalSection(SolutionConfiguration) = preSolution
		ConfigName.0 = Debug
		ConfigName.1 = Release
	EndGlobalSection
	GlobalSection(ProjectDependencies) = postSolution
	EndGlobalSection
	GlobalSection(ProjectConfiguration) = postSolution
		{118D08BB-D30C-423C-B2D2-BC61F67FD446}.Debug.ActiveCfg = Debug|.NET
		{118D08BB-D30C-423C-B2D2-BC61F67FD446}.Debug.Build.0 = Debug|.NET
		{118D08BB-D30C-423C-B2D2-BC61F67FD446}.Release.ActiveCfg = Release|.NET
		{118D08BB-D30C-423C-B2D2-BC61F67FD446}.Release.Build.0 = Release|.NET
	EndGlobalSection
	GlobalSection(ExtensibilityGlobals) = postSolution
	EndGlobalSection
	GlobalSection(ExtensibilityAddIns) = postSolution
	EndGlobalSection
EndGlobal
